
Microsoft Visual Studio Solution File, Format Version 12.00
# Visual Studio 15
VisualStudioVersion = 15.0.27703.2035
MinimumVisualStudioVersion = 10.0.40219.1
Project("{8BC9CEB8-8B4A-11D0-8D11-00A0C91BC942}") = "Random Num Game Loop", "Random Num Game Loop\Random Num Game Loop.vcxproj", "{60CCD7DA-80E3-4280-82E8-B2209A1B8401}"
EndProject
Global
	GlobalSection(SolutionConfigurationPlatforms) = preSolution
		Debug|x64 = Debug|x64
		Debug|x86 = Debug|x86
		Release|x64 = Release|x64
		Release|x86 = Release|x86
	EndGlobalSection
	GlobalSection(ProjectConfigurationPlatforms) = postSolution
		{60CCD7DA-80E3-4280-82E8-B2209A1B8401}.Debug|x64.ActiveCfg = Debug|x64
		{60CCD7DA-80E3-4280-82E8-B2209A1B8401}.Debug|x64.Build.0 = Debug|x64
		{60CCD7DA-80E3-4280-82E8-B2209A1B8401}.Debug|x86.ActiveCfg = Debug|Win32
		{60CCD7DA-80E3-4280-82E8-B2209A1B8401}.Debug|x86.Build.0 = Debug|Win32
		{60CCD7DA-80E3-4280-82E8-B2209A1B8401}.Release|x64.ActiveCfg = Release|x64
		{60CCD7DA-80E3-4280-82E8-B2209A1B8401}.Release|x64.Build.0 = Release|x64
		{60CCD7DA-80E3-4280-82E8-B2209A1B8401}.Release|x86.ActiveCfg = Release|Win32
		{60CCD7DA-80E3-4280-82E8-B2209A1B8401}.Release|x86.Build.0 = Release|Win32
	EndGlobalSection
	GlobalSection(SolutionProperties) = preSolution
		HideSolutionNode = FALSE
	EndGlobalSection
	GlobalSection(ExtensibilityGlobals) = postSolution
		SolutionGuid = {2016FC16-6C47-4964-A40A-A844029E176F}
	EndGlobalSection
EndGlobal
